<Solution>
  <Folder Name="/Src/">
    <Project Path="Src/InterfaceBridge/InterfaceBridge.fsproj" />
    <Project Path="Src/Model/Model.fsproj" />
    <Project Path="Src/ModelOrchestrator/ModelOrchestrator.fsproj" />
    <Project Path="Src/SonOfLeoCli/SonOfLeoCli.fsproj" />
    <Project Path="Src/Utilities/Utilities.fsproj" />
  </Folder>
  <Folder Name="/Tests/">
    <Project Path="Tests/Tests.Integrated/Tests.Integrated.fsproj" />
    <Project Path="Tests/Tests.Isolated/Tests.Isolated.fsproj" />
  </Folder>
  <Project Path="DevDataStage/DevDataStage.fsproj" />
</Solution>