<Solution>
  <Folder Name="/Src/">
    <Project Path="Src\Ledger\Ledger.fsproj" Type="Classic F#" />
    <Project Path="Src\Model\Model.fsproj" Type="Classic F#" />
    <Project Path="Src\SonOfLeoCli\SonOfLeoCli.fsproj" Type="Classic F#" />
  </Folder>
  <Folder Name="/Tests/">
    <Project Path="Tests\Tests.Ledger\Tests.Ledger.fsproj" Type="Classic F#" />
    <Project Path="Tests\Tests.Model\Tests.Model.fsproj" Type="Classic F#" />
  </Folder>
</Solution>